// !$*UTF8*$!
{
	archiveVersion = 1;
	classes = {
	};
	objectVersion = 55;
	objects = {

/* Begin PBXBuildFile section */
		DC169499288B7EF8000A80CA /* PopoverViewController.swift in Sources */ = {isa = PBXBuildFile; fileRef = DC169498288B7EF8000A80CA /* PopoverViewController.swift */; };
		DC2449B7288B45FA0035A236 /* AppDelegate.swift in Sources */ = {isa = PBXBuildFile; fileRef = DC2449B6288B45FA0035A236 /* AppDelegate.swift */; };
		DC2449BB288B45FB0035A236 /* Assets.xcassets in Resources */ = {isa = PBXBuildFile; fileRef = DC2449BA288B45FB0035A236 /* Assets.xcassets */; };
		DC2449BE288B45FB0035A236 /* Main.storyboard in Resources */ = {isa = PBXBuildFile; fileRef = DC2449BC288B45FB0035A236 /* Main.storyboard */; };
		DC51136F288C699000D6B85A /* MenuMissionItem.swift in Sources */ = {isa = PBXBuildFile; fileRef = DC51136E288C699000D6B85A /* MenuMissionItem.swift */; };
		DC6B952C288B8A860057E867 /* ButtonAction.swift in Sources */ = {isa = PBXBuildFile; fileRef = DC6B952B288B8A850057E867 /* ButtonAction.swift */; };
		DC6B952E288B8FBE0057E867 /* LaunchUtils.swift in Sources */ = {isa = PBXBuildFile; fileRef = DC6B952D288B8FBE0057E867 /* LaunchUtils.swift */; };
/* End PBXBuildFile section */

/* Begin PBXFileReference section */
		DC169498288B7EF8000A80CA /* PopoverViewController.swift */ = {isa = PBXFileReference; lastKnownFileType = sourcecode.swift; path = PopoverViewController.swift; sourceTree = "<group>"; };
		DC2449B3288B45FA0035A236 /* MenuMission.app */ = {isa = PBXFileReference; explicitFileType = wrapper.application; includeInIndex = 0; path = MenuMission.app; sourceTree = BUILT_PRODUCTS_DIR; };
		DC2449B6288B45FA0035A236 /* AppDelegate.swift */ = {isa = PBXFileReference; lastKnownFileType = sourcecode.swift; path = AppDelegate.swift; sourceTree = "<group>"; };
		DC2449BA288B45FB0035A236 /* Assets.xcassets */ = {isa = PBXFileReference; lastKnownFileType = folder.assetcatalog; path = Assets.xcassets; sourceTree = "<group>"; };
		DC2449BD288B45FB0035A236 /* Base */ = {isa = PBXFileReference; lastKnownFileType = file.storyboard; name = Base; path = Base.lproj/Main.storyboard; sourceTree = "<group>"; };
		DC2449BF288B45FB0035A236 /* MenuMission.entitlements */ = {isa = PBXFileReference; lastKnownFileType = text.plist.entitlements; path = MenuMission.entitlements; sourceTree = "<group>"; };
		DC2449C5288B47750035A236 /* Info.plist */ = {isa = PBXFileReference; lastKnownFileType = text.plist; path = Info.plist; sourceTree = "<group>"; };
		DC51136E288C699000D6B85A /* MenuMissionItem.swift */ = {isa = PBXFileReference; lastKnownFileType = sourcecode.swift; path = MenuMissionItem.swift; sourceTree = "<group>"; };
		DC6B952B288B8A850057E867 /* ButtonAction.swift */ = {isa = PBXFileReference; lastKnownFileType = sourcecode.swift; path = ButtonAction.swift; sourceTree = "<group>"; };
		DC6B952D288B8FBE0057E867 /* LaunchUtils.swift */ = {isa = PBXFileReference; lastKnownFileType = sourcecode.swift; path = LaunchUtils.swift; sourceTree = "<group>"; };
/* End PBXFileReference section */

/* Begin PBXFrameworksBuildPhase section */
		DC2449B0288B45FA0035A236 /* Frameworks */ = {
			isa = PBXFrameworksBuildPhase;
			buildActionMask = 2147483647;
			files = (
			);
			runOnlyForDeploymentPostprocessing = 0;
		};
/* End PBXFrameworksBuildPhase section */

/* Begin PBXGroup section */
		DC2449AA288B45FA0035A236 = {
			isa = PBXGroup;
			children = (
				DC2449B5288B45FA0035A236 /* MenuMission */,
				DC2449B4288B45FA0035A236 /* Products */,
			);
			sourceTree = "<group>";
		};
		DC2449B4288B45FA0035A236 /* Products */ = {
			isa = PBXGroup;
			children = (
				DC2449B3288B45FA0035A236 /* MenuMission.app */,
			);
			name = Products;
			sourceTree = "<group>";
		};
		DC2449B5288B45FA0035A236 /* MenuMission */ = {
			isa = PBXGroup;
			children = (
				DC2449C5288B47750035A236 /* Info.plist */,
				DC2449B6288B45FA0035A236 /* AppDelegate.swift */,
				DC51136E288C699000D6B85A /* MenuMissionItem.swift */,
				DC6B952D288B8FBE0057E867 /* LaunchUtils.swift */,
				DC2449BA288B45FB0035A236 /* Assets.xcassets */,
				DC169498288B7EF8000A80CA /* PopoverViewController.swift */,
				DC6B952B288B8A850057E867 /* ButtonAction.swift */,
				DC2449BC288B45FB0035A236 /* Main.storyboard */,
				DC2449BF288B45FB0035A236 /* MenuMission.entitlements */,
			);
			path = MenuMission;
			sourceTree = "<group>";
		};
/* End PBXGroup section */

/* Begin PBXNativeTarget section */
		DC2449B2288B45FA0035A236 /* MenuMission */ = {
			isa = PBXNativeTarget;
			buildConfigurationList = DC2449C2288B45FB0035A236 /* Build configuration list for PBXNativeTarget "MenuMission" */;
			buildPhases = (
				DC2449AF288B45FA0035A236 /* Sources */,
				DC2449B0288B45FA0035A236 /* Frameworks */,
				DC2449B1288B45FA0035A236 /* Resources */,
			);
			buildRules = (
			);
			dependencies = (
			);
			name = MenuMission;
			productName = MenuMission;
			productReference = DC2449B3288B45FA0035A236 /* MenuMission.app */;
			productType = "com.apple.product-type.application";
		};
/* End PBXNativeTarget section */

/* Begin PBXProject section */
		DC2449AB288B45FA0035A236 /* Project object */ = {
			isa = PBXProject;
			attributes = {
				BuildIndependentTargetsInParallel = 1;
				LastSwiftUpdateCheck = 1340;
				LastUpgradeCheck = 1340;
				TargetAttributes = {
					DC2449B2288B45FA0035A236 = {
						CreatedOnToolsVersion = 13.4.1;
					};
				};
			};
			buildConfigurationList = DC2449AE288B45FA0035A236 /* Build configuration list for PBXProject "MenuMission" */;
			compatibilityVersion = "Xcode 13.0";
			developmentRegion = en;
			hasScannedForEncodings = 0;
			knownRegions = (
				en,
				Base,
			);
			mainGroup = DC2449AA288B45FA0035A236;
			productRefGroup = DC2449B4288B45FA0035A236 /* Products */;
			projectDirPath = "";
			projectRoot = "";
			targets = (
				DC2449B2288B45FA0035A236 /* MenuMission */,
			);
		};
/* End PBXProject section */

/* Begin PBXResourcesBuildPhase section */
		DC2449B1288B45FA0035A236 /* Resources */ = {
			isa = PBXResourcesBuildPhase;
			buildActionMask = 2147483647;
			files = (
				DC2449BB288B45FB0035A236 /* Assets.xcassets in Resources */,
				DC2449BE288B45FB0035A236 /* Main.storyboard in Resources */,
			);
			runOnlyForDeploymentPostprocessing = 0;
		};
/* End PBXResourcesBuildPhase section */

/* Begin PBXSourcesBuildPhase section */
		DC2449AF288B45FA0035A236 /* Sources */ = {
			isa = PBXSourcesBuildPhase;
			buildActionMask = 2147483647;
			files = (
				DC6B952E288B8FBE0057E867 /* LaunchUtils.swift in Sources */,
				DC169499288B7EF8000A80CA /* PopoverViewController.swift in Sources */,
				DC6B952C288B8A860057E867 /* ButtonAction.swift in Sources */,
				DC51136F288C699000D6B85A /* MenuMissionItem.swift in Sources */,
				DC2449B7288B45FA0035A236 /* AppDelegate.swift in Sources */,
			);
			runOnlyForDeploymentPostprocessing = 0;
		};
/* End PBXSourcesBuildPhase section */

/* Begin PBXVariantGroup section */
		DC2449BC288B45FB0035A236 /* Main.storyboard */ = {
			isa = PBXVariantGroup;
			children = (
				DC2449BD288B45FB0035A236 /* Base */,
			);
			name = Main.storyboard;
			sourceTree = "<group>";
		};
/* End PBXVariantGroup section */

/* Begin XCBuildConfiguration section */
		DC2449C0288B45FB0035A236 /* Debug */ = {
			isa = XCBuildConfiguration;
			buildSettings = {
				ALWAYS_SEARCH_USER_PATHS = NO;
				CLANG_ANALYZER_NONNULL = YES;
				CLANG_ANALYZER_NUMBER_OBJECT_CONVERSION = YES_AGGRESSIVE;
				CLANG_CXX_LANGUAGE_STANDARD = "gnu++17";
				CLANG_ENABLE_MODULES = YES;
				CLANG_ENABLE_OBJC_ARC = YES;
				CLANG_ENABLE_OBJC_WEAK = YES;
				CLANG_WARN_BLOCK_CAPTURE_AUTORELEASING = YES;
				CLANG_WARN_BOOL_CONVERSION = YES;
				CLANG_WARN_COMMA = YES;
				CLANG_WARN_CONSTANT_CONVERSION = YES;
				CLANG_WARN_DEPRECATED_OBJC_IMPLEMENTATIONS = YES;
				CLANG_WARN_DIRECT_OBJC_ISA_USAGE = YES_ERROR;
				CLANG_WARN_DOCUMENTATION_COMMENTS = YES;
				CLANG_WARN_EMPTY_BODY = YES;
				CLANG_WARN_ENUM_CONVERSION = YES;
				CLANG_WARN_INFINITE_RECURSION = YES;
				CLANG_WARN_INT_CONVERSION = YES;
				CLANG_WARN_NON_LITERAL_NULL_CONVERSION = YES;
				CLANG_WARN_OBJC_IMPLICIT_RETAIN_SELF = YES;
				CLANG_WARN_OBJC_LITERAL_CONVERSION = YES;
				CLANG_WARN_OBJC_ROOT_CLASS = YES_ERROR;
				CLANG_WARN_QUOTED_INCLUDE_IN_FRAMEWORK_HEADER = YES;
				CLANG_WARN_RANGE_LOOP_ANALYSIS = YES;
				CLANG_WARN_STRICT_PROTOTYPES = YES;
				CLANG_WARN_SUSPICIOUS_MOVE = YES;
				CLANG_WARN_UNGUARDED_AVAILABILITY = YES_AGGRESSIVE;
				CLANG_WARN_UNREACHABLE_CODE = YES;
				CLANG_WARN__DUPLICATE_METHOD_MATCH = YES;
				COPY_PHASE_STRIP = NO;
				DEBUG_INFORMATION_FORMAT = dwarf;
				ENABLE_STRICT_OBJC_MSGSEND = YES;
				ENABLE_TESTABILITY = YES;
				GCC_C_LANGUAGE_STANDARD = gnu11;
				GCC_DYNAMIC_NO_PIC = NO;
				GCC_NO_COMMON_BLOCKS = YES;
				GCC_OPTIMIZATION_LEVEL = 0;
				GCC_PREPROCESSOR_DEFINITIONS = (
					"DEBUG=1",
					"$(inherited)",
				);
				GCC_WARN_64_TO_32_BIT_CONVERSION = YES;
				GCC_WARN_ABOUT_RETURN_TYPE = YES_ERROR;
				GCC_WARN_UNDECLARED_SELECTOR = YES;
				GCC_WARN_UNINITIALIZED_AUTOS = YES_AGGRESSIVE;
				GCC_WARN_UNUSED_FUNCTION = YES;
				GCC_WARN_UNUSED_VARIABLE = YES;
				MACOSX_DEPLOYMENT_TARGET = 11.0;
				MTL_ENABLE_DEBUG_INFO = INCLUDE_SOURCE;
				MTL_FAST_MATH = YES;
				ONLY_ACTIVE_ARCH = YES;
				SDKROOT = macosx;
				SWIFT_ACTIVE_COMPILATION_CONDITIONS = DEBUG;
				SWIFT_OPTIMIZATION_LEVEL = "-Onone";
			};
			name = Debug;
		};
		DC2449C1288B45FB0035A236 /* Release */ = {
			isa = XCBuildConfiguration;
			buildSettings = {
				ALWAYS_SEARCH_USER_PATHS = NO;
				CLANG_ANALYZER_NONNULL = YES;
				CLANG_ANALYZER_NUMBER_OBJECT_CONVERSION = YES_AGGRESSIVE;
				CLANG_CXX_LANGUAGE_STANDARD = "gnu++17";
				CLANG_ENABLE_MODULES = YES;
				CLANG_ENABLE_OBJC_ARC = YES;
				CLANG_ENABLE_OBJC_WEAK = YES;
				CLANG_WARN_BLOCK_CAPTURE_AUTORELEASING = YES;
				CLANG_WARN_BOOL_CONVERSION = YES;
				CLANG_WARN_COMMA = YES;
				CLANG_WARN_CONSTANT_CONVERSION = YES;
				CLANG_WARN_DEPRECATED_OBJC_IMPLEMENTATIONS = YES;
				CLANG_WARN_DIRECT_OBJC_ISA_USAGE = YES_ERROR;
				CLANG_WARN_DOCUMENTATION_COMMENTS = YES;
				CLANG_WARN_EMPTY_BODY = YES;
				CLANG_WARN_ENUM_CONVERSION = YES;
				CLANG_WARN_INFINITE_RECURSION = YES;
				CLANG_WARN_INT_CONVERSION = YES;
				CLANG_WARN_NON_LITERAL_NULL_CONVERSION = YES;
				CLANG_WARN_OBJC_IMPLICIT_RETAIN_SELF = YES;
				CLANG_WARN_OBJC_LITERAL_CONVERSION = YES;
				CLANG_WARN_OBJC_ROOT_CLASS = YES_ERROR;
				CLANG_WARN_QUOTED_INCLUDE_IN_FRAMEWORK_HEADER = YES;
				CLANG_WARN_RANGE_LOOP_ANALYSIS = YES;
				CLANG_WARN_STRICT_PROTOTYPES = YES;
				CLANG_WARN_SUSPICIOUS_MOVE = YES;
				CLANG_WARN_UNGUARDED_AVAILABILITY = YES_AGGRESSIVE;
				CLANG_WARN_UNREACHABLE_CODE = YES;
				CLANG_WARN__DUPLICATE_METHOD_MATCH = YES;
				COPY_PHASE_STRIP = NO;
				DEBUG_INFORMATION_FORMAT = "dwarf-with-dsym";
				ENABLE_NS_ASSERTIONS = NO;
				ENABLE_STRICT_OBJC_MSGSEND = YES;
				GCC_C_LANGUAGE_STANDARD = gnu11;
				GCC_NO_COMMON_BLOCKS = YES;
				GCC_WARN_64_TO_32_BIT_CONVERSION = YES;
				GCC_WARN_ABOUT_RETURN_TYPE = YES_ERROR;
				GCC_WARN_UNDECLARED_SELECTOR = YES;
				GCC_WARN_UNINITIALIZED_AUTOS = YES_AGGRESSIVE;
				GCC_WARN_UNUSED_FUNCTION = YES;
				GCC_WARN_UNUSED_VARIABLE = YES;
				MACOSX_DEPLOYMENT_TARGET = 11.0;
				MTL_ENABLE_DEBUG_INFO = NO;
				MTL_FAST_MATH = YES;
				SDKROOT = macosx;
				SWIFT_COMPILATION_MODE = wholemodule;
				SWIFT_OPTIMIZATION_LEVEL = "-O";
			};
			name = Release;
		};
		DC2449C3288B45FB0035A236 /* Debug */ = {
			isa = XCBuildConfiguration;
			buildSettings = {
				ASSETCATALOG_COMPILER_APPICON_NAME = AppIcon;
				ASSETCATALOG_COMPILER_GLOBAL_ACCENT_COLOR_NAME = AccentColor;
				CODE_SIGN_ENTITLEMENTS = MenuMission/MenuMission.entitlements;
				CODE_SIGN_STYLE = Automatic;
				COMBINE_HIDPI_IMAGES = YES;
				CURRENT_PROJECT_VERSION = 2;
				DEVELOPMENT_TEAM = 9KTV75G5K9;
				ENABLE_HARDENED_RUNTIME = YES;
				GENERATE_INFOPLIST_FILE = YES;
				INFOPLIST_FILE = MenuMission/Info.plist;
				INFOPLIST_KEY_LSApplicationCategoryType = "public.app-category.productivity";
				INFOPLIST_KEY_NSHumanReadableCopyright = "";
				INFOPLIST_KEY_NSMainStoryboardFile = Main;
				INFOPLIST_KEY_NSPrincipalClass = NSApplication;
				LD_RUNPATH_SEARCH_PATHS = (
					"$(inherited)",
					"@executable_path/../Frameworks",
				);
				MARKETING_VERSION = 5.0.0;
				PRODUCT_BUNDLE_IDENTIFIER = com.tom.MenuMission;
				PRODUCT_NAME = "$(TARGET_NAME)";
				SWIFT_EMIT_LOC_STRINGS = YES;
				SWIFT_VERSION = 5.0;
			};
			name = Debug;
		};
		DC2449C4288B45FB0035A236 /* Release */ = {
			isa = XCBuildConfiguration;
			buildSettings = {
				ASSETCATALOG_COMPILER_APPICON_NAME = AppIcon;
				ASSETCATALOG_COMPILER_GLOBAL_ACCENT_COLOR_NAME = AccentColor;
				CODE_SIGN_ENTITLEMENTS = MenuMission/MenuMission.entitlements;
				CODE_SIGN_STYLE = Automatic;
				COMBINE_HIDPI_IMAGES = YES;
				CURRENT_PROJECT_VERSION = 2;
				DEVELOPMENT_TEAM = 9KTV75G5K9;
				ENABLE_HARDENED_RUNTIME = YES;
				GENERATE_INFOPLIST_FILE = YES;
				INFOPLIST_FILE = MenuMission/Info.plist;
				INFOPLIST_KEY_LSApplicationCategoryType = "public.app-category.productivity";
				INFOPLIST_KEY_NSHumanReadableCopyright = "";
				INFOPLIST_KEY_NSMainStoryboardFile = Main;
				INFOPLIST_KEY_NSPrincipalClass = NSApplication;
				LD_RUNPATH_SEARCH_PATHS = (
					"$(inherited)",
					"@executable_path/../Frameworks",
				);
				MARKETING_VERSION = 5.0.0;
				PRODUCT_BUNDLE_IDENTIFIER = com.tom.MenuMission;
				PRODUCT_NAME = "$(TARGET_NAME)";
				SWIFT_EMIT_LOC_STRINGS = YES;
				SWIFT_VERSION = 5.0;
			};
			name = Release;
		};
/* End XCBuildConfiguration section */

/* Begin XCConfigurationList section */
		DC2449AE288B45FA0035A236 /* Build configuration list for PBXProject "MenuMission" */ = {
			isa = XCConfigurationList;
			buildConfigurations = (
				DC2449C0288B45FB0035A236 /* Debug */,
				DC2449C1288B45FB0035A236 /* Release */,
			);
			defaultConfigurationIsVisible = 0;
			defaultConfigurationName = Release;
		};
		DC2449C2288B45FB0035A236 /* Build configuration list for PBXNativeTarget "MenuMission" */ = {
			isa = XCConfigurationList;
			buildConfigurations = (
				DC2449C3288B45FB0035A236 /* Debug */,
				DC2449C4288B45FB0035A236 /* Release */,
			);
			defaultConfigurationIsVisible = 0;
			defaultConfigurationName = Release;
		};
/* End XCConfigurationList section */
	};
	rootObject = DC2449AB288B45FA0035A236 /* Project object */;
}
